// !$*UTF8*$!
{
	archiveVersion = 1;
	classes = {
	};
	objectVersion = 56;
	objects = {

/* Begin PBXBuildFile section */
		332E0AD12CDEB8A800B2B802 /* AurielXCodeApp.swift in Sources */ = {isa = PBXBuildFile; fileRef = 332E0AD02CDEB8A800B2B802 /* AurielXCodeApp.swift */; };
		332E0AD32CDEB8A800B2B802 /* ContentView.swift in Sources */ = {isa = PBXBuildFile; fileRef = 332E0AD22CDEB8A800B2B802 /* ContentView.swift */; };
		332E0AD52CDEB8AB00B2B802 /* Assets.xcassets in Resources */ = {isa = PBXBuildFile; fileRef = 332E0AD42CDEB8AB00B2B802 /* Assets.xcassets */; };
		332E0AD82CDEB8AB00B2B802 /* Preview Assets.xcassets in Resources */ = {isa = PBXBuildFile; fileRef = 332E0AD72CDEB8AB00B2B802 /* Preview Assets.xcassets */; };
		332E0AE22CDEB8AB00B2B802 /* AurielXCodeTests.swift in Sources */ = {isa = PBXBuildFile; fileRef = 332E0AE12CDEB8AB00B2B802 /* AurielXCodeTests.swift */; };
		332E0AEC2CDEB8AB00B2B802 /* AurielXCodeUITests.swift in Sources */ = {isa = PBXBuildFile; fileRef = 332E0AEB2CDEB8AB00B2B802 /* AurielXCodeUITests.swift */; };
		332E0AEE2CDEB8AB00B2B802 /* AurielXCodeUITestsLaunchTests.swift in Sources */ = {isa = PBXBuildFile; fileRef = 332E0AED2CDEB8AB00B2B802 /* AurielXCodeUITestsLaunchTests.swift */; };
		332E0AFB2CDEBCBF00B2B802 /* gcal_credentials.plist in Resources */ = {isa = PBXBuildFile; fileRef = 332E0AFA2CDEBCBF00B2B802 /* gcal_credentials.plist */; };
/* End PBXBuildFile section */

/* Begin PBXContainerItemProxy section */
		332E0ADE2CDEB8AB00B2B802 /* PBXContainerItemProxy */ = {
			isa = PBXContainerItemProxy;
			containerPortal = 332E0AC52CDEB8A800B2B802 /* Project object */;
			proxyType = 1;
			remoteGlobalIDString = 332E0ACC2CDEB8A800B2B802;
			remoteInfo = AurielXCode;
		};
		332E0AE82CDEB8AB00B2B802 /* PBXContainerItemProxy */ = {
			isa = PBXContainerItemProxy;
			containerPortal = 332E0AC52CDEB8A800B2B802 /* Project object */;
			proxyType = 1;
			remoteGlobalIDString = 332E0ACC2CDEB8A800B2B802;
			remoteInfo = AurielXCode;
		};
/* End PBXContainerItemProxy section */

/* Begin PBXFileReference section */
		332E0ACD2CDEB8A800B2B802 /* AurielXCode.app */ = {isa = PBXFileReference; explicitFileType = wrapper.application; includeInIndex = 0; path = AurielXCode.app; sourceTree = BUILT_PRODUCTS_DIR; };
		332E0AD02CDEB8A800B2B802 /* AurielXCodeApp.swift */ = {isa = PBXFileReference; lastKnownFileType = sourcecode.swift; path = AurielXCodeApp.swift; sourceTree = "<group>"; };
		332E0AD22CDEB8A800B2B802 /* ContentView.swift */ = {isa = PBXFileReference; lastKnownFileType = sourcecode.swift; path = ContentView.swift; sourceTree = "<group>"; };
		332E0AD42CDEB8AB00B2B802 /* Assets.xcassets */ = {isa = PBXFileReference; lastKnownFileType = folder.assetcatalog; path = Assets.xcassets; sourceTree = "<group>"; };
		332E0AD72CDEB8AB00B2B802 /* Preview Assets.xcassets */ = {isa = PBXFileReference; lastKnownFileType = folder.assetcatalog; path = "Preview Assets.xcassets"; sourceTree = "<group>"; };
		332E0ADD2CDEB8AB00B2B802 /* AurielXCodeTests.xctest */ = {isa = PBXFileReference; explicitFileType = wrapper.cfbundle; includeInIndex = 0; path = AurielXCodeTests.xctest; sourceTree = BUILT_PRODUCTS_DIR; };
		332E0AE12CDEB8AB00B2B802 /* AurielXCodeTests.swift */ = {isa = PBXFileReference; lastKnownFileType = sourcecode.swift; path = AurielXCodeTests.swift; sourceTree = "<group>"; };
		332E0AE72CDEB8AB00B2B802 /* AurielXCodeUITests.xctest */ = {isa = PBXFileReference; explicitFileType = wrapper.cfbundle; includeInIndex = 0; path = AurielXCodeUITests.xctest; sourceTree = BUILT_PRODUCTS_DIR; };
		332E0AEB2CDEB8AB00B2B802 /* AurielXCodeUITests.swift */ = {isa = PBXFileReference; lastKnownFileType = sourcecode.swift; path = AurielXCodeUITests.swift; sourceTree = "<group>"; };
		332E0AED2CDEB8AB00B2B802 /* AurielXCodeUITestsLaunchTests.swift */ = {isa = PBXFileReference; lastKnownFileType = sourcecode.swift; path = AurielXCodeUITestsLaunchTests.swift; sourceTree = "<group>"; };
		332E0AFA2CDEBCBF00B2B802 /* gcal_credentials.plist */ = {isa = PBXFileReference; fileEncoding = 4; lastKnownFileType = text.plist.xml; name = gcal_credentials.plist; path = ../backend/permissions/gcal_credentials.plist; sourceTree = "<group>"; };
/* End PBXFileReference section */

/* Begin PBXFrameworksBuildPhase section */
		332E0ACA2CDEB8A800B2B802 /* Frameworks */ = {
			isa = PBXFrameworksBuildPhase;
			buildActionMask = 2147483647;
			files = (
			);
			runOnlyForDeploymentPostprocessing = 0;
		};
		332E0ADA2CDEB8AB00B2B802 /* Frameworks */ = {
			isa = PBXFrameworksBuildPhase;
			buildActionMask = 2147483647;
			files = (
			);
			runOnlyForDeploymentPostprocessing = 0;
		};
		332E0AE42CDEB8AB00B2B802 /* Frameworks */ = {
			isa = PBXFrameworksBuildPhase;
			buildActionMask = 2147483647;
			files = (
			);
			runOnlyForDeploymentPostprocessing = 0;
		};
/* End PBXFrameworksBuildPhase section */

/* Begin PBXGroup section */
		332E0AC42CDEB8A800B2B802 = {
			isa = PBXGroup;
			children = (
				332E0AFA2CDEBCBF00B2B802 /* gcal_credentials.plist */,
				332E0ACF2CDEB8A800B2B802 /* AurielXCode */,
				332E0AE02CDEB8AB00B2B802 /* AurielXCodeTests */,
				332E0AEA2CDEB8AB00B2B802 /* AurielXCodeUITests */,
				332E0ACE2CDEB8A800B2B802 /* Products */,
			);
			sourceTree = "<group>";
		};
		332E0ACE2CDEB8A800B2B802 /* Products */ = {
			isa = PBXGroup;
			children = (
				332E0ACD2CDEB8A800B2B802 /* AurielXCode.app */,
				332E0ADD2CDEB8AB00B2B802 /* AurielXCodeTests.xctest */,
				332E0AE72CDEB8AB00B2B802 /* AurielXCodeUITests.xctest */,
			);
			name = Products;
			sourceTree = "<group>";
		};
		332E0ACF2CDEB8A800B2B802 /* AurielXCode */ = {
			isa = PBXGroup;
			children = (
				332E0AD02CDEB8A800B2B802 /* AurielXCodeApp.swift */,
				332E0AD22CDEB8A800B2B802 /* ContentView.swift */,
				332E0AD42CDEB8AB00B2B802 /* Assets.xcassets */,
				332E0AD62CDEB8AB00B2B802 /* Preview Content */,
			);
			path = AurielXCode;
			sourceTree = "<group>";
		};
		332E0AD62CDEB8AB00B2B802 /* Preview Content */ = {
			isa = PBXGroup;
			children = (
				332E0AD72CDEB8AB00B2B802 /* Preview Assets.xcassets */,
			);
			path = "Preview Content";
			sourceTree = "<group>";
		};
		332E0AE02CDEB8AB00B2B802 /* AurielXCodeTests */ = {
			isa = PBXGroup;
			children = (
				332E0AE12CDEB8AB00B2B802 /* AurielXCodeTests.swift */,
			);
			path = AurielXCodeTests;
			sourceTree = "<group>";
		};
		332E0AEA2CDEB8AB00B2B802 /* AurielXCodeUITests */ = {
			isa = PBXGroup;
			children = (
				332E0AEB2CDEB8AB00B2B802 /* AurielXCodeUITests.swift */,
				332E0AED2CDEB8AB00B2B802 /* AurielXCodeUITestsLaunchTests.swift */,
			);
			path = AurielXCodeUITests;
			sourceTree = "<group>";
		};
/* End PBXGroup section */

/* Begin PBXNativeTarget section */
		332E0ACC2CDEB8A800B2B802 /* AurielXCode */ = {
			isa = PBXNativeTarget;
			buildConfigurationList = 332E0AF12CDEB8AB00B2B802 /* Build configuration list for PBXNativeTarget "AurielXCode" */;
			buildPhases = (
				332E0AC92CDEB8A800B2B802 /* Sources */,
				332E0ACA2CDEB8A800B2B802 /* Frameworks */,
				332E0ACB2CDEB8A800B2B802 /* Resources */,
			);
			buildRules = (
			);
			dependencies = (
			);
			name = AurielXCode;
			productName = AurielXCode;
			productReference = 332E0ACD2CDEB8A800B2B802 /* AurielXCode.app */;
			productType = "com.apple.product-type.application";
		};
		332E0ADC2CDEB8AB00B2B802 /* AurielXCodeTests */ = {
			isa = PBXNativeTarget;
			buildConfigurationList = 332E0AF42CDEB8AB00B2B802 /* Build configuration list for PBXNativeTarget "AurielXCodeTests" */;
			buildPhases = (
				332E0AD92CDEB8AB00B2B802 /* Sources */,
				332E0ADA2CDEB8AB00B2B802 /* Frameworks */,
				332E0ADB2CDEB8AB00B2B802 /* Resources */,
			);
			buildRules = (
			);
			dependencies = (
				332E0ADF2CDEB8AB00B2B802 /* PBXTargetDependency */,
			);
			name = AurielXCodeTests;
			productName = AurielXCodeTests;
			productReference = 332E0ADD2CDEB8AB00B2B802 /* AurielXCodeTests.xctest */;
			productType = "com.apple.product-type.bundle.unit-test";
		};
		332E0AE62CDEB8AB00B2B802 /* AurielXCodeUITests */ = {
			isa = PBXNativeTarget;
			buildConfigurationList = 332E0AF72CDEB8AB00B2B802 /* Build configuration list for PBXNativeTarget "AurielXCodeUITests" */;
			buildPhases = (
				332E0AE32CDEB8AB00B2B802 /* Sources */,
				332E0AE42CDEB8AB00B2B802 /* Frameworks */,
				332E0AE52CDEB8AB00B2B802 /* Resources */,
			);
			buildRules = (
			);
			dependencies = (
				332E0AE92CDEB8AB00B2B802 /* PBXTargetDependency */,
			);
			name = AurielXCodeUITests;
			productName = AurielXCodeUITests;
			productReference = 332E0AE72CDEB8AB00B2B802 /* AurielXCodeUITests.xctest */;
			productType = "com.apple.product-type.bundle.ui-testing";
		};
/* End PBXNativeTarget section */

/* Begin PBXProject section */
		332E0AC52CDEB8A800B2B802 /* Project object */ = {
			isa = PBXProject;
			attributes = {
				BuildIndependentTargetsInParallel = 1;
				LastSwiftUpdateCheck = 1540;
				LastUpgradeCheck = 1540;
				TargetAttributes = {
					332E0ACC2CDEB8A800B2B802 = {
						CreatedOnToolsVersion = 15.4;
					};
					332E0ADC2CDEB8AB00B2B802 = {
						CreatedOnToolsVersion = 15.4;
						TestTargetID = 332E0ACC2CDEB8A800B2B802;
					};
					332E0AE62CDEB8AB00B2B802 = {
						CreatedOnToolsVersion = 15.4;
						TestTargetID = 332E0ACC2CDEB8A800B2B802;
					};
				};
			};
			buildConfigurationList = 332E0AC82CDEB8A800B2B802 /* Build configuration list for PBXProject "AurielXCode" */;
			compatibilityVersion = "Xcode 14.0";
			developmentRegion = en;
			hasScannedForEncodings = 0;
			knownRegions = (
				en,
				Base,
			);
			mainGroup = 332E0AC42CDEB8A800B2B802;
			productRefGroup = 332E0ACE2CDEB8A800B2B802 /* Products */;
			projectDirPath = "";
			projectRoot = "";
			targets = (
				332E0ACC2CDEB8A800B2B802 /* AurielXCode */,
				332E0ADC2CDEB8AB00B2B802 /* AurielXCodeTests */,
				332E0AE62CDEB8AB00B2B802 /* AurielXCodeUITests */,
			);
		};
/* End PBXProject section */

/* Begin PBXResourcesBuildPhase section */
		332E0ACB2CDEB8A800B2B802 /* Resources */ = {
			isa = PBXResourcesBuildPhase;
			buildActionMask = 2147483647;
			files = (
				332E0AD82CDEB8AB00B2B802 /* Preview Assets.xcassets in Resources */,
				332E0AFB2CDEBCBF00B2B802 /* gcal_credentials.plist in Resources */,
				332E0AD52CDEB8AB00B2B802 /* Assets.xcassets in Resources */,
			);
			runOnlyForDeploymentPostprocessing = 0;
		};
		332E0ADB2CDEB8AB00B2B802 /* Resources */ = {
			isa = PBXResourcesBuildPhase;
			buildActionMask = 2147483647;
			files = (
			);
			runOnlyForDeploymentPostprocessing = 0;
		};
		332E0AE52CDEB8AB00B2B802 /* Resources */ = {
			isa = PBXResourcesBuildPhase;
			buildActionMask = 2147483647;
			files = (
			);
			runOnlyForDeploymentPostprocessing = 0;
		};
/* End PBXResourcesBuildPhase section */

/* Begin PBXSourcesBuildPhase section */
		332E0AC92CDEB8A800B2B802 /* Sources */ = {
			isa = PBXSourcesBuildPhase;
			buildActionMask = 2147483647;
			files = (
				332E0AD32CDEB8A800B2B802 /* ContentView.swift in Sources */,
				332E0AD12CDEB8A800B2B802 /* AurielXCodeApp.swift in Sources */,
			);
			runOnlyForDeploymentPostprocessing = 0;
		};
		332E0AD92CDEB8AB00B2B802 /* Sources */ = {
			isa = PBXSourcesBuildPhase;
			buildActionMask = 2147483647;
			files = (
				332E0AE22CDEB8AB00B2B802 /* AurielXCodeTests.swift in Sources */,
			);
			runOnlyForDeploymentPostprocessing = 0;
		};
		332E0AE32CDEB8AB00B2B802 /* Sources */ = {
			isa = PBXSourcesBuildPhase;
			buildActionMask = 2147483647;
			files = (
				332E0AEE2CDEB8AB00B2B802 /* AurielXCodeUITestsLaunchTests.swift in Sources */,
				332E0AEC2CDEB8AB00B2B802 /* AurielXCodeUITests.swift in Sources */,
			);
			runOnlyForDeploymentPostprocessing = 0;
		};
/* End PBXSourcesBuildPhase section */

/* Begin PBXTargetDependency section */
		332E0ADF2CDEB8AB00B2B802 /* PBXTargetDependency */ = {
			isa = PBXTargetDependency;
			target = 332E0ACC2CDEB8A800B2B802 /* AurielXCode */;
			targetProxy = 332E0ADE2CDEB8AB00B2B802 /* PBXContainerItemProxy */;
		};
		332E0AE92CDEB8AB00B2B802 /* PBXTargetDependency */ = {
			isa = PBXTargetDependency;
			target = 332E0ACC2CDEB8A800B2B802 /* AurielXCode */;
			targetProxy = 332E0AE82CDEB8AB00B2B802 /* PBXContainerItemProxy */;
		};
/* End PBXTargetDependency section */

/* Begin XCBuildConfiguration section */
		332E0AEF2CDEB8AB00B2B802 /* Debug */ = {
			isa = XCBuildConfiguration;
			buildSettings = {
				ALWAYS_SEARCH_USER_PATHS = NO;
				ASSETCATALOG_COMPILER_GENERATE_SWIFT_ASSET_SYMBOL_EXTENSIONS = YES;
				CLANG_ANALYZER_NONNULL = YES;
				CLANG_ANALYZER_NUMBER_OBJECT_CONVERSION = YES_AGGRESSIVE;
				CLANG_CXX_LANGUAGE_STANDARD = "gnu++20";
				CLANG_ENABLE_MODULES = YES;
				CLANG_ENABLE_OBJC_ARC = YES;
				CLANG_ENABLE_OBJC_WEAK = YES;
				CLANG_WARN_BLOCK_CAPTURE_AUTORELEASING = YES;
				CLANG_WARN_BOOL_CONVERSION = YES;
				CLANG_WARN_COMMA = YES;
				CLANG_WARN_CONSTANT_CONVERSION = YES;
				CLANG_WARN_DEPRECATED_OBJC_IMPLEMENTATIONS = YES;
				CLANG_WARN_DIRECT_OBJC_ISA_USAGE = YES_ERROR;
				CLANG_WARN_DOCUMENTATION_COMMENTS = YES;
				CLANG_WARN_EMPTY_BODY = YES;
				CLANG_WARN_ENUM_CONVERSION = YES;
				CLANG_WARN_INFINITE_RECURSION = YES;
				CLANG_WARN_INT_CONVERSION = YES;
				CLANG_WARN_NON_LITERAL_NULL_CONVERSION = YES;
				CLANG_WARN_OBJC_IMPLICIT_RETAIN_SELF = YES;
				CLANG_WARN_OBJC_LITERAL_CONVERSION = YES;
				CLANG_WARN_OBJC_ROOT_CLASS = YES_ERROR;
				CLANG_WARN_QUOTED_INCLUDE_IN_FRAMEWORK_HEADER = YES;
				CLANG_WARN_RANGE_LOOP_ANALYSIS = YES;
				CLANG_WARN_STRICT_PROTOTYPES = YES;
				CLANG_WARN_SUSPICIOUS_MOVE = YES;
				CLANG_WARN_UNGUARDED_AVAILABILITY = YES_AGGRESSIVE;
				CLANG_WARN_UNREACHABLE_CODE = YES;
				CLANG_WARN__DUPLICATE_METHOD_MATCH = YES;
				COPY_PHASE_STRIP = NO;
				DEBUG_INFORMATION_FORMAT = dwarf;
				ENABLE_STRICT_OBJC_MSGSEND = YES;
				ENABLE_TESTABILITY = YES;
				ENABLE_USER_SCRIPT_SANDBOXING = YES;
				GCC_C_LANGUAGE_STANDARD = gnu17;
				GCC_DYNAMIC_NO_PIC = NO;
				GCC_NO_COMMON_BLOCKS = YES;
				GCC_OPTIMIZATION_LEVEL = 0;
				GCC_PREPROCESSOR_DEFINITIONS = (
					"DEBUG=1",
					"$(inherited)",
				);
				GCC_WARN_64_TO_32_BIT_CONVERSION = YES;
				GCC_WARN_ABOUT_RETURN_TYPE = YES_ERROR;
				GCC_WARN_UNDECLARED_SELECTOR = YES;
				GCC_WARN_UNINITIALIZED_AUTOS = YES_AGGRESSIVE;
				GCC_WARN_UNUSED_FUNCTION = YES;
				GCC_WARN_UNUSED_VARIABLE = YES;
				IPHONEOS_DEPLOYMENT_TARGET = 17.5;
				LOCALIZATION_PREFERS_STRING_CATALOGS = YES;
				MTL_ENABLE_DEBUG_INFO = INCLUDE_SOURCE;
				MTL_FAST_MATH = YES;
				ONLY_ACTIVE_ARCH = YES;
				SDKROOT = iphoneos;
				SWIFT_ACTIVE_COMPILATION_CONDITIONS = "DEBUG $(inherited)";
				SWIFT_OPTIMIZATION_LEVEL = "-Onone";
			};
			name = Debug;
		};
		332E0AF02CDEB8AB00B2B802 /* Release */ = {
			isa = XCBuildConfiguration;
			buildSettings = {
				ALWAYS_SEARCH_USER_PATHS = NO;
				ASSETCATALOG_COMPILER_GENERATE_SWIFT_ASSET_SYMBOL_EXTENSIONS = YES;
				CLANG_ANALYZER_NONNULL = YES;
				CLANG_ANALYZER_NUMBER_OBJECT_CONVERSION = YES_AGGRESSIVE;
				CLANG_CXX_LANGUAGE_STANDARD = "gnu++20";
				CLANG_ENABLE_MODULES = YES;
				CLANG_ENABLE_OBJC_ARC = YES;
				CLANG_ENABLE_OBJC_WEAK = YES;
				CLANG_WARN_BLOCK_CAPTURE_AUTORELEASING = YES;
				CLANG_WARN_BOOL_CONVERSION = YES;
				CLANG_WARN_COMMA = YES;
				CLANG_WARN_CONSTANT_CONVERSION = YES;
				CLANG_WARN_DEPRECATED_OBJC_IMPLEMENTATIONS = YES;
				CLANG_WARN_DIRECT_OBJC_ISA_USAGE = YES_ERROR;
				CLANG_WARN_DOCUMENTATION_COMMENTS = YES;
				CLANG_WARN_EMPTY_BODY = YES;
				CLANG_WARN_ENUM_CONVERSION = YES;
				CLANG_WARN_INFINITE_RECURSION = YES;
				CLANG_WARN_INT_CONVERSION = YES;
				CLANG_WARN_NON_LITERAL_NULL_CONVERSION = YES;
				CLANG_WARN_OBJC_IMPLICIT_RETAIN_SELF = YES;
				CLANG_WARN_OBJC_LITERAL_CONVERSION = YES;
				CLANG_WARN_OBJC_ROOT_CLASS = YES_ERROR;
				CLANG_WARN_QUOTED_INCLUDE_IN_FRAMEWORK_HEADER = YES;
				CLANG_WARN_RANGE_LOOP_ANALYSIS = YES;
				CLANG_WARN_STRICT_PROTOTYPES = YES;
				CLANG_WARN_SUSPICIOUS_MOVE = YES;
				CLANG_WARN_UNGUARDED_AVAILABILITY = YES_AGGRESSIVE;
				CLANG_WARN_UNREACHABLE_CODE = YES;
				CLANG_WARN__DUPLICATE_METHOD_MATCH = YES;
				COPY_PHASE_STRIP = NO;
				DEBUG_INFORMATION_FORMAT = "dwarf-with-dsym";
				ENABLE_NS_ASSERTIONS = NO;
				ENABLE_STRICT_OBJC_MSGSEND = YES;
				ENABLE_USER_SCRIPT_SANDBOXING = YES;
				GCC_C_LANGUAGE_STANDARD = gnu17;
				GCC_NO_COMMON_BLOCKS = YES;
				GCC_WARN_64_TO_32_BIT_CONVERSION = YES;
				GCC_WARN_ABOUT_RETURN_TYPE = YES_ERROR;
				GCC_WARN_UNDECLARED_SELECTOR = YES;
				GCC_WARN_UNINITIALIZED_AUTOS = YES_AGGRESSIVE;
				GCC_WARN_UNUSED_FUNCTION = YES;
				GCC_WARN_UNUSED_VARIABLE = YES;
				IPHONEOS_DEPLOYMENT_TARGET = 17.5;
				LOCALIZATION_PREFERS_STRING_CATALOGS = YES;
				MTL_ENABLE_DEBUG_INFO = NO;
				MTL_FAST_MATH = YES;
				SDKROOT = iphoneos;
				SWIFT_COMPILATION_MODE = wholemodule;
				VALIDATE_PRODUCT = YES;
			};
			name = Release;
		};
		332E0AF22CDEB8AB00B2B802 /* Debug */ = {
			isa = XCBuildConfiguration;
			buildSettings = {
				ASSETCATALOG_COMPILER_APPICON_NAME = AppIcon;
				ASSETCATALOG_COMPILER_GLOBAL_ACCENT_COLOR_NAME = AccentColor;
				CODE_SIGN_STYLE = Automatic;
				CURRENT_PROJECT_VERSION = 1;
				DEVELOPMENT_ASSET_PATHS = "\"AurielXCode/Preview Content\"";
				DEVELOPMENT_TEAM = 79P5AVQ24H;
				ENABLE_PREVIEWS = YES;
				GENERATE_INFOPLIST_FILE = YES;
				INFOPLIST_KEY_UIApplicationSceneManifest_Generation = YES;
				INFOPLIST_KEY_UIApplicationSupportsIndirectInputEvents = YES;
				INFOPLIST_KEY_UILaunchScreen_Generation = YES;
				INFOPLIST_KEY_UISupportedInterfaceOrientations_iPad = "UIInterfaceOrientationPortrait UIInterfaceOrientationPortraitUpsideDown UIInterfaceOrientationLandscapeLeft UIInterfaceOrientationLandscapeRight";
				INFOPLIST_KEY_UISupportedInterfaceOrientations_iPhone = "UIInterfaceOrientationPortrait UIInterfaceOrientationLandscapeLeft UIInterfaceOrientationLandscapeRight";
				LD_RUNPATH_SEARCH_PATHS = (
					"$(inherited)",
					"@executable_path/Frameworks",
				);
				MARKETING_VERSION = 1.0;
				PRODUCT_BUNDLE_IDENTIFIER = com.hamidatb.AurielXCode;
				PRODUCT_NAME = "$(TARGET_NAME)";
				SWIFT_EMIT_LOC_STRINGS = YES;
				SWIFT_VERSION = 5.0;
				TARGETED_DEVICE_FAMILY = "1,2";
			};
			name = Debug;
		};
		332E0AF32CDEB8AB00B2B802 /* Release */ = {
			isa = XCBuildConfiguration;
			buildSettings = {
				ASSETCATALOG_COMPILER_APPICON_NAME = AppIcon;
				ASSETCATALOG_COMPILER_GLOBAL_ACCENT_COLOR_NAME = AccentColor;
				CODE_SIGN_STYLE = Automatic;
				CURRENT_PROJECT_VERSION = 1;
				DEVELOPMENT_ASSET_PATHS = "\"AurielXCode/Preview Content\"";
				DEVELOPMENT_TEAM = 79P5AVQ24H;
				ENABLE_PREVIEWS = YES;
				GENERATE_INFOPLIST_FILE = YES;
				INFOPLIST_KEY_UIApplicationSceneManifest_Generation = YES;
				INFOPLIST_KEY_UIApplicationSupportsIndirectInputEvents = YES;
				INFOPLIST_KEY_UILaunchScreen_Generation = YES;
				INFOPLIST_KEY_UISupportedInterfaceOrientations_iPad = "UIInterfaceOrientationPortrait UIInterfaceOrientationPortraitUpsideDown UIInterfaceOrientationLandscapeLeft UIInterfaceOrientationLandscapeRight";
				INFOPLIST_KEY_UISupportedInterfaceOrientations_iPhone = "UIInterfaceOrientationPortrait UIInterfaceOrientationLandscapeLeft UIInterfaceOrientationLandscapeRight";
				LD_RUNPATH_SEARCH_PATHS = (
					"$(inherited)",
					"@executable_path/Frameworks",
				);
				MARKETING_VERSION = 1.0;
				PRODUCT_BUNDLE_IDENTIFIER = com.hamidatb.AurielXCode;
				PRODUCT_NAME = "$(TARGET_NAME)";
				SWIFT_EMIT_LOC_STRINGS = YES;
				SWIFT_VERSION = 5.0;
				TARGETED_DEVICE_FAMILY = "1,2";
			};
			name = Release;
		};
		332E0AF52CDEB8AB00B2B802 /* Debug */ = {
			isa = XCBuildConfiguration;
			buildSettings = {
				ALWAYS_EMBED_SWIFT_STANDARD_LIBRARIES = YES;
				BUNDLE_LOADER = "$(TEST_HOST)";
				CODE_SIGN_STYLE = Automatic;
				CURRENT_PROJECT_VERSION = 1;
				DEVELOPMENT_TEAM = 79P5AVQ24H;
				GENERATE_INFOPLIST_FILE = YES;
				IPHONEOS_DEPLOYMENT_TARGET = 17.5;
				MARKETING_VERSION = 1.0;
				PRODUCT_BUNDLE_IDENTIFIER = com.hamidatb.AurielXCodeTests;
				PRODUCT_NAME = "$(TARGET_NAME)";
				SWIFT_EMIT_LOC_STRINGS = NO;
				SWIFT_VERSION = 5.0;
				TARGETED_DEVICE_FAMILY = "1,2";
				TEST_HOST = "$(BUILT_PRODUCTS_DIR)/AurielXCode.app/$(BUNDLE_EXECUTABLE_FOLDER_PATH)/AurielXCode";
			};
			name = Debug;
		};
		332E0AF62CDEB8AB00B2B802 /* Release */ = {
			isa = XCBuildConfiguration;
			buildSettings = {
				ALWAYS_EMBED_SWIFT_STANDARD_LIBRARIES = YES;
				BUNDLE_LOADER = "$(TEST_HOST)";
				CODE_SIGN_STYLE = Automatic;
				CURRENT_PROJECT_VERSION = 1;
				DEVELOPMENT_TEAM = 79P5AVQ24H;
				GENERATE_INFOPLIST_FILE = YES;
				IPHONEOS_DEPLOYMENT_TARGET = 17.5;
				MARKETING_VERSION = 1.0;
				PRODUCT_BUNDLE_IDENTIFIER = com.hamidatb.AurielXCodeTests;
				PRODUCT_NAME = "$(TARGET_NAME)";
				SWIFT_EMIT_LOC_STRINGS = NO;
				SWIFT_VERSION = 5.0;
				TARGETED_DEVICE_FAMILY = "1,2";
				TEST_HOST = "$(BUILT_PRODUCTS_DIR)/AurielXCode.app/$(BUNDLE_EXECUTABLE_FOLDER_PATH)/AurielXCode";
			};
			name = Release;
		};
		332E0AF82CDEB8AB00B2B802 /* Debug */ = {
			isa = XCBuildConfiguration;
			buildSettings = {
				ALWAYS_EMBED_SWIFT_STANDARD_LIBRARIES = YES;
				CODE_SIGN_STYLE = Automatic;
				CURRENT_PROJECT_VERSION = 1;
				DEVELOPMENT_TEAM = 79P5AVQ24H;
				GENERATE_INFOPLIST_FILE = YES;
				MARKETING_VERSION = 1.0;
				PRODUCT_BUNDLE_IDENTIFIER = com.hamidatb.AurielXCodeUITests;
				PRODUCT_NAME = "$(TARGET_NAME)";
				SWIFT_EMIT_LOC_STRINGS = NO;
				SWIFT_VERSION = 5.0;
				TARGETED_DEVICE_FAMILY = "1,2";
				TEST_TARGET_NAME = AurielXCode;
			};
			name = Debug;
		};
		332E0AF92CDEB8AB00B2B802 /* Release */ = {
			isa = XCBuildConfiguration;
			buildSettings = {
				ALWAYS_EMBED_SWIFT_STANDARD_LIBRARIES = YES;
				CODE_SIGN_STYLE = Automatic;
				CURRENT_PROJECT_VERSION = 1;
				DEVELOPMENT_TEAM = 79P5AVQ24H;
				GENERATE_INFOPLIST_FILE = YES;
				MARKETING_VERSION = 1.0;
				PRODUCT_BUNDLE_IDENTIFIER = com.hamidatb.AurielXCodeUITests;
				PRODUCT_NAME = "$(TARGET_NAME)";
				SWIFT_EMIT_LOC_STRINGS = NO;
				SWIFT_VERSION = 5.0;
				TARGETED_DEVICE_FAMILY = "1,2";
				TEST_TARGET_NAME = AurielXCode;
			};
			name = Release;
		};
/* End XCBuildConfiguration section */

/* Begin XCConfigurationList section */
		332E0AC82CDEB8A800B2B802 /* Build configuration list for PBXProject "AurielXCode" */ = {
			isa = XCConfigurationList;
			buildConfigurations = (
				332E0AEF2CDEB8AB00B2B802 /* Debug */,
				332E0AF02CDEB8AB00B2B802 /* Release */,
			);
			defaultConfigurationIsVisible = 0;
			defaultConfigurationName = Release;
		};
		332E0AF12CDEB8AB00B2B802 /* Build configuration list for PBXNativeTarget "AurielXCode" */ = {
			isa = XCConfigurationList;
			buildConfigurations = (
				332E0AF22CDEB8AB00B2B802 /* Debug */,
				332E0AF32CDEB8AB00B2B802 /* Release */,
			);
			defaultConfigurationIsVisible = 0;
			defaultConfigurationName = Release;
		};
		332E0AF42CDEB8AB00B2B802 /* Build configuration list for PBXNativeTarget "AurielXCodeTests" */ = {
			isa = XCConfigurationList;
			buildConfigurations = (
				332E0AF52CDEB8AB00B2B802 /* Debug */,
				332E0AF62CDEB8AB00B2B802 /* Release */,
			);
			defaultConfigurationIsVisible = 0;
			defaultConfigurationName = Release;
		};
		332E0AF72CDEB8AB00B2B802 /* Build configuration list for PBXNativeTarget "AurielXCodeUITests" */ = {
			isa = XCConfigurationList;
			buildConfigurations = (
				332E0AF82CDEB8AB00B2B802 /* Debug */,
				332E0AF92CDEB8AB00B2B802 /* Release */,
			);
			defaultConfigurationIsVisible = 0;
			defaultConfigurationName = Release;
		};
/* End XCConfigurationList section */
	};
	rootObject = 332E0AC52CDEB8A800B2B802 /* Project object */;
}
