// !$*UTF8*$!
{
	archiveVersion = 1;
	classes = {
	};
	objectVersion = 56;
	objects = {

/* Begin PBXBuildFile section */
		332E0A9B2CDEB45300B2B802 /* AurielApp.swift in Sources */ = {isa = PBXBuildFile; fileRef = 332E0A9A2CDEB45300B2B802 /* AurielApp.swift */; };
		332E0A9D2CDEB45300B2B802 /* ContentView.swift in Sources */ = {isa = PBXBuildFile; fileRef = 332E0A9C2CDEB45300B2B802 /* ContentView.swift */; };
		332E0A9F2CDEB45600B2B802 /* Assets.xcassets in Resources */ = {isa = PBXBuildFile; fileRef = 332E0A9E2CDEB45600B2B802 /* Assets.xcassets */; };
		332E0AA22CDEB45600B2B802 /* Preview Assets.xcassets in Resources */ = {isa = PBXBuildFile; fileRef = 332E0AA12CDEB45600B2B802 /* Preview Assets.xcassets */; };
		332E0AAC2CDEB45600B2B802 /* AurielTests.swift in Sources */ = {isa = PBXBuildFile; fileRef = 332E0AAB2CDEB45600B2B802 /* AurielTests.swift */; };
		332E0AB62CDEB45600B2B802 /* AurielUITests.swift in Sources */ = {isa = PBXBuildFile; fileRef = 332E0AB52CDEB45600B2B802 /* AurielUITests.swift */; };
		332E0AB82CDEB45600B2B802 /* AurielUITestsLaunchTests.swift in Sources */ = {isa = PBXBuildFile; fileRef = 332E0AB72CDEB45600B2B802 /* AurielUITestsLaunchTests.swift */; };
/* End PBXBuildFile section */

/* Begin PBXContainerItemProxy section */
		332E0AA82CDEB45600B2B802 /* PBXContainerItemProxy */ = {
			isa = PBXContainerItemProxy;
			containerPortal = 332E0A8F2CDEB45300B2B802 /* Project object */;
			proxyType = 1;
			remoteGlobalIDString = 332E0A962CDEB45300B2B802;
			remoteInfo = Auriel;
		};
		332E0AB22CDEB45600B2B802 /* PBXContainerItemProxy */ = {
			isa = PBXContainerItemProxy;
			containerPortal = 332E0A8F2CDEB45300B2B802 /* Project object */;
			proxyType = 1;
			remoteGlobalIDString = 332E0A962CDEB45300B2B802;
			remoteInfo = Auriel;
		};
/* End PBXContainerItemProxy section */

/* Begin PBXFileReference section */
		332E0A972CDEB45300B2B802 /* Auriel.app */ = {isa = PBXFileReference; explicitFileType = wrapper.application; includeInIndex = 0; path = Auriel.app; sourceTree = BUILT_PRODUCTS_DIR; };
		332E0A9A2CDEB45300B2B802 /* AurielApp.swift */ = {isa = PBXFileReference; lastKnownFileType = sourcecode.swift; path = AurielApp.swift; sourceTree = "<group>"; };
		332E0A9C2CDEB45300B2B802 /* ContentView.swift */ = {isa = PBXFileReference; lastKnownFileType = sourcecode.swift; path = ContentView.swift; sourceTree = "<group>"; };
		332E0A9E2CDEB45600B2B802 /* Assets.xcassets */ = {isa = PBXFileReference; lastKnownFileType = folder.assetcatalog; path = Assets.xcassets; sourceTree = "<group>"; };
		332E0AA12CDEB45600B2B802 /* Preview Assets.xcassets */ = {isa = PBXFileReference; lastKnownFileType = folder.assetcatalog; path = "Preview Assets.xcassets"; sourceTree = "<group>"; };
		332E0AA72CDEB45600B2B802 /* AurielTests.xctest */ = {isa = PBXFileReference; explicitFileType = wrapper.cfbundle; includeInIndex = 0; path = AurielTests.xctest; sourceTree = BUILT_PRODUCTS_DIR; };
		332E0AAB2CDEB45600B2B802 /* AurielTests.swift */ = {isa = PBXFileReference; lastKnownFileType = sourcecode.swift; path = AurielTests.swift; sourceTree = "<group>"; };
		332E0AB12CDEB45600B2B802 /* AurielUITests.xctest */ = {isa = PBXFileReference; explicitFileType = wrapper.cfbundle; includeInIndex = 0; path = AurielUITests.xctest; sourceTree = BUILT_PRODUCTS_DIR; };
		332E0AB52CDEB45600B2B802 /* AurielUITests.swift */ = {isa = PBXFileReference; lastKnownFileType = sourcecode.swift; path = AurielUITests.swift; sourceTree = "<group>"; };
		332E0AB72CDEB45600B2B802 /* AurielUITestsLaunchTests.swift */ = {isa = PBXFileReference; lastKnownFileType = sourcecode.swift; path = AurielUITestsLaunchTests.swift; sourceTree = "<group>"; };
/* End PBXFileReference section */

/* Begin PBXFrameworksBuildPhase section */
		332E0A942CDEB45300B2B802 /* Frameworks */ = {
			isa = PBXFrameworksBuildPhase;
			buildActionMask = 2147483647;
			files = (
			);
			runOnlyForDeploymentPostprocessing = 0;
		};
		332E0AA42CDEB45600B2B802 /* Frameworks */ = {
			isa = PBXFrameworksBuildPhase;
			buildActionMask = 2147483647;
			files = (
			);
			runOnlyForDeploymentPostprocessing = 0;
		};
		332E0AAE2CDEB45600B2B802 /* Frameworks */ = {
			isa = PBXFrameworksBuildPhase;
			buildActionMask = 2147483647;
			files = (
			);
			runOnlyForDeploymentPostprocessing = 0;
		};
/* End PBXFrameworksBuildPhase section */

/* Begin PBXGroup section */
		332E0A8E2CDEB45300B2B802 = {
			isa = PBXGroup;
			children = (
				332E0A992CDEB45300B2B802 /* Auriel */,
				332E0AAA2CDEB45600B2B802 /* AurielTests */,
				332E0AB42CDEB45600B2B802 /* AurielUITests */,
				332E0A982CDEB45300B2B802 /* Products */,
			);
			sourceTree = "<group>";
		};
		332E0A982CDEB45300B2B802 /* Products */ = {
			isa = PBXGroup;
			children = (
				332E0A972CDEB45300B2B802 /* Auriel.app */,
				332E0AA72CDEB45600B2B802 /* AurielTests.xctest */,
				332E0AB12CDEB45600B2B802 /* AurielUITests.xctest */,
			);
			name = Products;
			sourceTree = "<group>";
		};
		332E0A992CDEB45300B2B802 /* Auriel */ = {
			isa = PBXGroup;
			children = (
				332E0A9A2CDEB45300B2B802 /* AurielApp.swift */,
				332E0A9C2CDEB45300B2B802 /* ContentView.swift */,
				332E0A9E2CDEB45600B2B802 /* Assets.xcassets */,
				332E0AA02CDEB45600B2B802 /* Preview Content */,
			);
			path = Auriel;
			sourceTree = "<group>";
		};
		332E0AA02CDEB45600B2B802 /* Preview Content */ = {
			isa = PBXGroup;
			children = (
				332E0AA12CDEB45600B2B802 /* Preview Assets.xcassets */,
			);
			path = "Preview Content";
			sourceTree = "<group>";
		};
		332E0AAA2CDEB45600B2B802 /* AurielTests */ = {
			isa = PBXGroup;
			children = (
				332E0AAB2CDEB45600B2B802 /* AurielTests.swift */,
			);
			path = AurielTests;
			sourceTree = "<group>";
		};
		332E0AB42CDEB45600B2B802 /* AurielUITests */ = {
			isa = PBXGroup;
			children = (
				332E0AB52CDEB45600B2B802 /* AurielUITests.swift */,
				332E0AB72CDEB45600B2B802 /* AurielUITestsLaunchTests.swift */,
			);
			path = AurielUITests;
			sourceTree = "<group>";
		};
/* End PBXGroup section */

/* Begin PBXNativeTarget section */
		332E0A962CDEB45300B2B802 /* Auriel */ = {
			isa = PBXNativeTarget;
			buildConfigurationList = 332E0ABB2CDEB45600B2B802 /* Build configuration list for PBXNativeTarget "Auriel" */;
			buildPhases = (
				332E0A932CDEB45300B2B802 /* Sources */,
				332E0A942CDEB45300B2B802 /* Frameworks */,
				332E0A952CDEB45300B2B802 /* Resources */,
			);
			buildRules = (
			);
			dependencies = (
			);
			name = Auriel;
			productName = Auriel;
			productReference = 332E0A972CDEB45300B2B802 /* Auriel.app */;
			productType = "com.apple.product-type.application";
		};
		332E0AA62CDEB45600B2B802 /* AurielTests */ = {
			isa = PBXNativeTarget;
			buildConfigurationList = 332E0ABE2CDEB45600B2B802 /* Build configuration list for PBXNativeTarget "AurielTests" */;
			buildPhases = (
				332E0AA32CDEB45600B2B802 /* Sources */,
				332E0AA42CDEB45600B2B802 /* Frameworks */,
				332E0AA52CDEB45600B2B802 /* Resources */,
			);
			buildRules = (
			);
			dependencies = (
				332E0AA92CDEB45600B2B802 /* PBXTargetDependency */,
			);
			name = AurielTests;
			productName = AurielTests;
			productReference = 332E0AA72CDEB45600B2B802 /* AurielTests.xctest */;
			productType = "com.apple.product-type.bundle.unit-test";
		};
		332E0AB02CDEB45600B2B802 /* AurielUITests */ = {
			isa = PBXNativeTarget;
			buildConfigurationList = 332E0AC12CDEB45600B2B802 /* Build configuration list for PBXNativeTarget "AurielUITests" */;
			buildPhases = (
				332E0AAD2CDEB45600B2B802 /* Sources */,
				332E0AAE2CDEB45600B2B802 /* Frameworks */,
				332E0AAF2CDEB45600B2B802 /* Resources */,
			);
			buildRules = (
			);
			dependencies = (
				332E0AB32CDEB45600B2B802 /* PBXTargetDependency */,
			);
			name = AurielUITests;
			productName = AurielUITests;
			productReference = 332E0AB12CDEB45600B2B802 /* AurielUITests.xctest */;
			productType = "com.apple.product-type.bundle.ui-testing";
		};
/* End PBXNativeTarget section */

/* Begin PBXProject section */
		332E0A8F2CDEB45300B2B802 /* Project object */ = {
			isa = PBXProject;
			attributes = {
				BuildIndependentTargetsInParallel = 1;
				LastSwiftUpdateCheck = 1540;
				LastUpgradeCheck = 1540;
				TargetAttributes = {
					332E0A962CDEB45300B2B802 = {
						CreatedOnToolsVersion = 15.4;
					};
					332E0AA62CDEB45600B2B802 = {
						CreatedOnToolsVersion = 15.4;
						TestTargetID = 332E0A962CDEB45300B2B802;
					};
					332E0AB02CDEB45600B2B802 = {
						CreatedOnToolsVersion = 15.4;
						TestTargetID = 332E0A962CDEB45300B2B802;
					};
				};
			};
			buildConfigurationList = 332E0A922CDEB45300B2B802 /* Build configuration list for PBXProject "Auriel" */;
			compatibilityVersion = "Xcode 14.0";
			developmentRegion = en;
			hasScannedForEncodings = 0;
			knownRegions = (
				en,
				Base,
			);
			mainGroup = 332E0A8E2CDEB45300B2B802;
			productRefGroup = 332E0A982CDEB45300B2B802 /* Products */;
			projectDirPath = "";
			projectRoot = "";
			targets = (
				332E0A962CDEB45300B2B802 /* Auriel */,
				332E0AA62CDEB45600B2B802 /* AurielTests */,
				332E0AB02CDEB45600B2B802 /* AurielUITests */,
			);
		};
/* End PBXProject section */

/* Begin PBXResourcesBuildPhase section */
		332E0A952CDEB45300B2B802 /* Resources */ = {
			isa = PBXResourcesBuildPhase;
			buildActionMask = 2147483647;
			files = (
				332E0AA22CDEB45600B2B802 /* Preview Assets.xcassets in Resources */,
				332E0A9F2CDEB45600B2B802 /* Assets.xcassets in Resources */,
			);
			runOnlyForDeploymentPostprocessing = 0;
		};
		332E0AA52CDEB45600B2B802 /* Resources */ = {
			isa = PBXResourcesBuildPhase;
			buildActionMask = 2147483647;
			files = (
			);
			runOnlyForDeploymentPostprocessing = 0;
		};
		332E0AAF2CDEB45600B2B802 /* Resources */ = {
			isa = PBXResourcesBuildPhase;
			buildActionMask = 2147483647;
			files = (
			);
			runOnlyForDeploymentPostprocessing = 0;
		};
/* End PBXResourcesBuildPhase section */

/* Begin PBXSourcesBuildPhase section */
		332E0A932CDEB45300B2B802 /* Sources */ = {
			isa = PBXSourcesBuildPhase;
			buildActionMask = 2147483647;
			files = (
				332E0A9D2CDEB45300B2B802 /* ContentView.swift in Sources */,
				332E0A9B2CDEB45300B2B802 /* AurielApp.swift in Sources */,
			);
			runOnlyForDeploymentPostprocessing = 0;
		};
		332E0AA32CDEB45600B2B802 /* Sources */ = {
			isa = PBXSourcesBuildPhase;
			buildActionMask = 2147483647;
			files = (
				332E0AAC2CDEB45600B2B802 /* AurielTests.swift in Sources */,
			);
			runOnlyForDeploymentPostprocessing = 0;
		};
		332E0AAD2CDEB45600B2B802 /* Sources */ = {
			isa = PBXSourcesBuildPhase;
			buildActionMask = 2147483647;
			files = (
				332E0AB82CDEB45600B2B802 /* AurielUITestsLaunchTests.swift in Sources */,
				332E0AB62CDEB45600B2B802 /* AurielUITests.swift in Sources */,
			);
			runOnlyForDeploymentPostprocessing = 0;
		};
/* End PBXSourcesBuildPhase section */

/* Begin PBXTargetDependency section */
		332E0AA92CDEB45600B2B802 /* PBXTargetDependency */ = {
			isa = PBXTargetDependency;
			target = 332E0A962CDEB45300B2B802 /* Auriel */;
			targetProxy = 332E0AA82CDEB45600B2B802 /* PBXContainerItemProxy */;
		};
		332E0AB32CDEB45600B2B802 /* PBXTargetDependency */ = {
			isa = PBXTargetDependency;
			target = 332E0A962CDEB45300B2B802 /* Auriel */;
			targetProxy = 332E0AB22CDEB45600B2B802 /* PBXContainerItemProxy */;
		};
/* End PBXTargetDependency section */

/* Begin XCBuildConfiguration section */
		332E0AB92CDEB45600B2B802 /* Debug */ = {
			isa = XCBuildConfiguration;
			buildSettings = {
				ALWAYS_SEARCH_USER_PATHS = NO;
				ASSETCATALOG_COMPILER_GENERATE_SWIFT_ASSET_SYMBOL_EXTENSIONS = YES;
				CLANG_ANALYZER_NONNULL = YES;
				CLANG_ANALYZER_NUMBER_OBJECT_CONVERSION = YES_AGGRESSIVE;
				CLANG_CXX_LANGUAGE_STANDARD = "gnu++20";
				CLANG_ENABLE_MODULES = YES;
				CLANG_ENABLE_OBJC_ARC = YES;
				CLANG_ENABLE_OBJC_WEAK = YES;
				CLANG_WARN_BLOCK_CAPTURE_AUTORELEASING = YES;
				CLANG_WARN_BOOL_CONVERSION = YES;
				CLANG_WARN_COMMA = YES;
				CLANG_WARN_CONSTANT_CONVERSION = YES;
				CLANG_WARN_DEPRECATED_OBJC_IMPLEMENTATIONS = YES;
				CLANG_WARN_DIRECT_OBJC_ISA_USAGE = YES_ERROR;
				CLANG_WARN_DOCUMENTATION_COMMENTS = YES;
				CLANG_WARN_EMPTY_BODY = YES;
				CLANG_WARN_ENUM_CONVERSION = YES;
				CLANG_WARN_INFINITE_RECURSION = YES;
				CLANG_WARN_INT_CONVERSION = YES;
				CLANG_WARN_NON_LITERAL_NULL_CONVERSION = YES;
				CLANG_WARN_OBJC_IMPLICIT_RETAIN_SELF = YES;
				CLANG_WARN_OBJC_LITERAL_CONVERSION = YES;
				CLANG_WARN_OBJC_ROOT_CLASS = YES_ERROR;
				CLANG_WARN_QUOTED_INCLUDE_IN_FRAMEWORK_HEADER = YES;
				CLANG_WARN_RANGE_LOOP_ANALYSIS = YES;
				CLANG_WARN_STRICT_PROTOTYPES = YES;
				CLANG_WARN_SUSPICIOUS_MOVE = YES;
				CLANG_WARN_UNGUARDED_AVAILABILITY = YES_AGGRESSIVE;
				CLANG_WARN_UNREACHABLE_CODE = YES;
				CLANG_WARN__DUPLICATE_METHOD_MATCH = YES;
				COPY_PHASE_STRIP = NO;
				DEBUG_INFORMATION_FORMAT = dwarf;
				ENABLE_STRICT_OBJC_MSGSEND = YES;
				ENABLE_TESTABILITY = YES;
				ENABLE_USER_SCRIPT_SANDBOXING = YES;
				GCC_C_LANGUAGE_STANDARD = gnu17;
				GCC_DYNAMIC_NO_PIC = NO;
				GCC_NO_COMMON_BLOCKS = YES;
				GCC_OPTIMIZATION_LEVEL = 0;
				GCC_PREPROCESSOR_DEFINITIONS = (
					"DEBUG=1",
					"$(inherited)",
				);
				GCC_WARN_64_TO_32_BIT_CONVERSION = YES;
				GCC_WARN_ABOUT_RETURN_TYPE = YES_ERROR;
				GCC_WARN_UNDECLARED_SELECTOR = YES;
				GCC_WARN_UNINITIALIZED_AUTOS = YES_AGGRESSIVE;
				GCC_WARN_UNUSED_FUNCTION = YES;
				GCC_WARN_UNUSED_VARIABLE = YES;
				IPHONEOS_DEPLOYMENT_TARGET = 17.5;
				LOCALIZATION_PREFERS_STRING_CATALOGS = YES;
				MTL_ENABLE_DEBUG_INFO = INCLUDE_SOURCE;
				MTL_FAST_MATH = YES;
				ONLY_ACTIVE_ARCH = YES;
				SDKROOT = iphoneos;
				SWIFT_ACTIVE_COMPILATION_CONDITIONS = "DEBUG $(inherited)";
				SWIFT_OPTIMIZATION_LEVEL = "-Onone";
			};
			name = Debug;
		};
		332E0ABA2CDEB45600B2B802 /* Release */ = {
			isa = XCBuildConfiguration;
			buildSettings = {
				ALWAYS_SEARCH_USER_PATHS = NO;
				ASSETCATALOG_COMPILER_GENERATE_SWIFT_ASSET_SYMBOL_EXTENSIONS = YES;
				CLANG_ANALYZER_NONNULL = YES;
				CLANG_ANALYZER_NUMBER_OBJECT_CONVERSION = YES_AGGRESSIVE;
				CLANG_CXX_LANGUAGE_STANDARD = "gnu++20";
				CLANG_ENABLE_MODULES = YES;
				CLANG_ENABLE_OBJC_ARC = YES;
				CLANG_ENABLE_OBJC_WEAK = YES;
				CLANG_WARN_BLOCK_CAPTURE_AUTORELEASING = YES;
				CLANG_WARN_BOOL_CONVERSION = YES;
				CLANG_WARN_COMMA = YES;
				CLANG_WARN_CONSTANT_CONVERSION = YES;
				CLANG_WARN_DEPRECATED_OBJC_IMPLEMENTATIONS = YES;
				CLANG_WARN_DIRECT_OBJC_ISA_USAGE = YES_ERROR;
				CLANG_WARN_DOCUMENTATION_COMMENTS = YES;
				CLANG_WARN_EMPTY_BODY = YES;
				CLANG_WARN_ENUM_CONVERSION = YES;
				CLANG_WARN_INFINITE_RECURSION = YES;
				CLANG_WARN_INT_CONVERSION = YES;
				CLANG_WARN_NON_LITERAL_NULL_CONVERSION = YES;
				CLANG_WARN_OBJC_IMPLICIT_RETAIN_SELF = YES;
				CLANG_WARN_OBJC_LITERAL_CONVERSION = YES;
				CLANG_WARN_OBJC_ROOT_CLASS = YES_ERROR;
				CLANG_WARN_QUOTED_INCLUDE_IN_FRAMEWORK_HEADER = YES;
				CLANG_WARN_RANGE_LOOP_ANALYSIS = YES;
				CLANG_WARN_STRICT_PROTOTYPES = YES;
				CLANG_WARN_SUSPICIOUS_MOVE = YES;
				CLANG_WARN_UNGUARDED_AVAILABILITY = YES_AGGRESSIVE;
				CLANG_WARN_UNREACHABLE_CODE = YES;
				CLANG_WARN__DUPLICATE_METHOD_MATCH = YES;
				COPY_PHASE_STRIP = NO;
				DEBUG_INFORMATION_FORMAT = "dwarf-with-dsym";
				ENABLE_NS_ASSERTIONS = NO;
				ENABLE_STRICT_OBJC_MSGSEND = YES;
				ENABLE_USER_SCRIPT_SANDBOXING = YES;
				GCC_C_LANGUAGE_STANDARD = gnu17;
				GCC_NO_COMMON_BLOCKS = YES;
				GCC_WARN_64_TO_32_BIT_CONVERSION = YES;
				GCC_WARN_ABOUT_RETURN_TYPE = YES_ERROR;
				GCC_WARN_UNDECLARED_SELECTOR = YES;
				GCC_WARN_UNINITIALIZED_AUTOS = YES_AGGRESSIVE;
				GCC_WARN_UNUSED_FUNCTION = YES;
				GCC_WARN_UNUSED_VARIABLE = YES;
				IPHONEOS_DEPLOYMENT_TARGET = 17.5;
				LOCALIZATION_PREFERS_STRING_CATALOGS = YES;
				MTL_ENABLE_DEBUG_INFO = NO;
				MTL_FAST_MATH = YES;
				SDKROOT = iphoneos;
				SWIFT_COMPILATION_MODE = wholemodule;
				VALIDATE_PRODUCT = YES;
			};
			name = Release;
		};
		332E0ABC2CDEB45600B2B802 /* Debug */ = {
			isa = XCBuildConfiguration;
			buildSettings = {
				ASSETCATALOG_COMPILER_APPICON_NAME = AppIcon;
				ASSETCATALOG_COMPILER_GLOBAL_ACCENT_COLOR_NAME = AccentColor;
				CODE_SIGN_STYLE = Automatic;
				CURRENT_PROJECT_VERSION = 1;
				DEVELOPMENT_ASSET_PATHS = "\"Auriel/Preview Content\"";
				DEVELOPMENT_TEAM = 79P5AVQ24H;
				ENABLE_PREVIEWS = YES;
				GENERATE_INFOPLIST_FILE = YES;
				INFOPLIST_KEY_UIApplicationSceneManifest_Generation = YES;
				INFOPLIST_KEY_UIApplicationSupportsIndirectInputEvents = YES;
				INFOPLIST_KEY_UILaunchScreen_Generation = YES;
				INFOPLIST_KEY_UISupportedInterfaceOrientations_iPad = "UIInterfaceOrientationPortrait UIInterfaceOrientationPortraitUpsideDown UIInterfaceOrientationLandscapeLeft UIInterfaceOrientationLandscapeRight";
				INFOPLIST_KEY_UISupportedInterfaceOrientations_iPhone = "UIInterfaceOrientationPortrait UIInterfaceOrientationLandscapeLeft UIInterfaceOrientationLandscapeRight";
				LD_RUNPATH_SEARCH_PATHS = (
					"$(inherited)",
					"@executable_path/Frameworks",
				);
				MARKETING_VERSION = 1.0;
				PRODUCT_BUNDLE_IDENTIFIER = com.hamidatb.Auriel;
				PRODUCT_NAME = "$(TARGET_NAME)";
				SWIFT_EMIT_LOC_STRINGS = YES;
				SWIFT_VERSION = 5.0;
				TARGETED_DEVICE_FAMILY = "1,2";
			};
			name = Debug;
		};
		332E0ABD2CDEB45600B2B802 /* Release */ = {
			isa = XCBuildConfiguration;
			buildSettings = {
				ASSETCATALOG_COMPILER_APPICON_NAME = AppIcon;
				ASSETCATALOG_COMPILER_GLOBAL_ACCENT_COLOR_NAME = AccentColor;
				CODE_SIGN_STYLE = Automatic;
				CURRENT_PROJECT_VERSION = 1;
				DEVELOPMENT_ASSET_PATHS = "\"Auriel/Preview Content\"";
				DEVELOPMENT_TEAM = 79P5AVQ24H;
				ENABLE_PREVIEWS = YES;
				GENERATE_INFOPLIST_FILE = YES;
				INFOPLIST_KEY_UIApplicationSceneManifest_Generation = YES;
				INFOPLIST_KEY_UIApplicationSupportsIndirectInputEvents = YES;
				INFOPLIST_KEY_UILaunchScreen_Generation = YES;
				INFOPLIST_KEY_UISupportedInterfaceOrientations_iPad = "UIInterfaceOrientationPortrait UIInterfaceOrientationPortraitUpsideDown UIInterfaceOrientationLandscapeLeft UIInterfaceOrientationLandscapeRight";
				INFOPLIST_KEY_UISupportedInterfaceOrientations_iPhone = "UIInterfaceOrientationPortrait UIInterfaceOrientationLandscapeLeft UIInterfaceOrientationLandscapeRight";
				LD_RUNPATH_SEARCH_PATHS = (
					"$(inherited)",
					"@executable_path/Frameworks",
				);
				MARKETING_VERSION = 1.0;
				PRODUCT_BUNDLE_IDENTIFIER = com.hamidatb.Auriel;
				PRODUCT_NAME = "$(TARGET_NAME)";
				SWIFT_EMIT_LOC_STRINGS = YES;
				SWIFT_VERSION = 5.0;
				TARGETED_DEVICE_FAMILY = "1,2";
			};
			name = Release;
		};
		332E0ABF2CDEB45600B2B802 /* Debug */ = {
			isa = XCBuildConfiguration;
			buildSettings = {
				ALWAYS_EMBED_SWIFT_STANDARD_LIBRARIES = YES;
				BUNDLE_LOADER = "$(TEST_HOST)";
				CODE_SIGN_STYLE = Automatic;
				CURRENT_PROJECT_VERSION = 1;
				DEVELOPMENT_TEAM = 79P5AVQ24H;
				GENERATE_INFOPLIST_FILE = YES;
				IPHONEOS_DEPLOYMENT_TARGET = 17.5;
				MARKETING_VERSION = 1.0;
				PRODUCT_BUNDLE_IDENTIFIER = com.hamidatb.AurielTests;
				PRODUCT_NAME = "$(TARGET_NAME)";
				SWIFT_EMIT_LOC_STRINGS = NO;
				SWIFT_VERSION = 5.0;
				TARGETED_DEVICE_FAMILY = "1,2";
				TEST_HOST = "$(BUILT_PRODUCTS_DIR)/Auriel.app/$(BUNDLE_EXECUTABLE_FOLDER_PATH)/Auriel";
			};
			name = Debug;
		};
		332E0AC02CDEB45600B2B802 /* Release */ = {
			isa = XCBuildConfiguration;
			buildSettings = {
				ALWAYS_EMBED_SWIFT_STANDARD_LIBRARIES = YES;
				BUNDLE_LOADER = "$(TEST_HOST)";
				CODE_SIGN_STYLE = Automatic;
				CURRENT_PROJECT_VERSION = 1;
				DEVELOPMENT_TEAM = 79P5AVQ24H;
				GENERATE_INFOPLIST_FILE = YES;
				IPHONEOS_DEPLOYMENT_TARGET = 17.5;
				MARKETING_VERSION = 1.0;
				PRODUCT_BUNDLE_IDENTIFIER = com.hamidatb.AurielTests;
				PRODUCT_NAME = "$(TARGET_NAME)";
				SWIFT_EMIT_LOC_STRINGS = NO;
				SWIFT_VERSION = 5.0;
				TARGETED_DEVICE_FAMILY = "1,2";
				TEST_HOST = "$(BUILT_PRODUCTS_DIR)/Auriel.app/$(BUNDLE_EXECUTABLE_FOLDER_PATH)/Auriel";
			};
			name = Release;
		};
		332E0AC22CDEB45600B2B802 /* Debug */ = {
			isa = XCBuildConfiguration;
			buildSettings = {
				ALWAYS_EMBED_SWIFT_STANDARD_LIBRARIES = YES;
				CODE_SIGN_STYLE = Automatic;
				CURRENT_PROJECT_VERSION = 1;
				DEVELOPMENT_TEAM = 79P5AVQ24H;
				GENERATE_INFOPLIST_FILE = YES;
				MARKETING_VERSION = 1.0;
				PRODUCT_BUNDLE_IDENTIFIER = com.hamidatb.AurielUITests;
				PRODUCT_NAME = "$(TARGET_NAME)";
				SWIFT_EMIT_LOC_STRINGS = NO;
				SWIFT_VERSION = 5.0;
				TARGETED_DEVICE_FAMILY = "1,2";
				TEST_TARGET_NAME = Auriel;
			};
			name = Debug;
		};
		332E0AC32CDEB45600B2B802 /* Release */ = {
			isa = XCBuildConfiguration;
			buildSettings = {
				ALWAYS_EMBED_SWIFT_STANDARD_LIBRARIES = YES;
				CODE_SIGN_STYLE = Automatic;
				CURRENT_PROJECT_VERSION = 1;
				DEVELOPMENT_TEAM = 79P5AVQ24H;
				GENERATE_INFOPLIST_FILE = YES;
				MARKETING_VERSION = 1.0;
				PRODUCT_BUNDLE_IDENTIFIER = com.hamidatb.AurielUITests;
				PRODUCT_NAME = "$(TARGET_NAME)";
				SWIFT_EMIT_LOC_STRINGS = NO;
				SWIFT_VERSION = 5.0;
				TARGETED_DEVICE_FAMILY = "1,2";
				TEST_TARGET_NAME = Auriel;
			};
			name = Release;
		};
/* End XCBuildConfiguration section */

/* Begin XCConfigurationList section */
		332E0A922CDEB45300B2B802 /* Build configuration list for PBXProject "Auriel" */ = {
			isa = XCConfigurationList;
			buildConfigurations = (
				332E0AB92CDEB45600B2B802 /* Debug */,
				332E0ABA2CDEB45600B2B802 /* Release */,
			);
			defaultConfigurationIsVisible = 0;
			defaultConfigurationName = Release;
		};
		332E0ABB2CDEB45600B2B802 /* Build configuration list for PBXNativeTarget "Auriel" */ = {
			isa = XCConfigurationList;
			buildConfigurations = (
				332E0ABC2CDEB45600B2B802 /* Debug */,
				332E0ABD2CDEB45600B2B802 /* Release */,
			);
			defaultConfigurationIsVisible = 0;
			defaultConfigurationName = Release;
		};
		332E0ABE2CDEB45600B2B802 /* Build configuration list for PBXNativeTarget "AurielTests" */ = {
			isa = XCConfigurationList;
			buildConfigurations = (
				332E0ABF2CDEB45600B2B802 /* Debug */,
				332E0AC02CDEB45600B2B802 /* Release */,
			);
			defaultConfigurationIsVisible = 0;
			defaultConfigurationName = Release;
		};
		332E0AC12CDEB45600B2B802 /* Build configuration list for PBXNativeTarget "AurielUITests" */ = {
			isa = XCConfigurationList;
			buildConfigurations = (
				332E0AC22CDEB45600B2B802 /* Debug */,
				332E0AC32CDEB45600B2B802 /* Release */,
			);
			defaultConfigurationIsVisible = 0;
			defaultConfigurationName = Release;
		};
/* End XCConfigurationList section */
	};
	rootObject = 332E0A8F2CDEB45300B2B802 /* Project object */;
}
